// !$*UTF8*$!
{
	archiveVersion = 1;
	classes = {
	};
	objectVersion = 56;
	objects = {

/* Begin PBXBuildFile section */
		225D01B42B147151001A065A /* CardsView.swift in Sources */ = {isa = PBXBuildFile; fileRef = 225D01B32B147151001A065A /* CardsView.swift */; };
		225D01B62B147167001A065A /* EditCardView.swift in Sources */ = {isa = PBXBuildFile; fileRef = 225D01B52B147167001A065A /* EditCardView.swift */; };
		22E6EDBE2B0D8DAE00038BD5 /* Card.swift in Sources */ = {isa = PBXBuildFile; fileRef = 22E6EDBD2B0D8DAE00038BD5 /* Card.swift */; };
		22E6EDC02B0D8E0900038BD5 /* CardView.swift in Sources */ = {isa = PBXBuildFile; fileRef = 22E6EDBF2B0D8E0900038BD5 /* CardView.swift */; };
		66F938D42B1587EC00132822 /* BgView.swift in Sources */ = {isa = PBXBuildFile; fileRef = 66F938D32B1587EC00132822 /* BgView.swift */; };
		C12F3C4A2B0C080900AA7D60 /* FlashcardioApp.swift in Sources */ = {isa = PBXBuildFile; fileRef = C12F3C492B0C080900AA7D60 /* FlashcardioApp.swift */; };
		C12F3C4E2B0C080A00AA7D60 /* Assets.xcassets in Resources */ = {isa = PBXBuildFile; fileRef = C12F3C4D2B0C080A00AA7D60 /* Assets.xcassets */; };
		C12F3C512B0C080A00AA7D60 /* Preview Assets.xcassets in Resources */ = {isa = PBXBuildFile; fileRef = C12F3C502B0C080A00AA7D60 /* Preview Assets.xcassets */; };
		C12F3C5B2B0C080A00AA7D60 /* FlashcardioTests.swift in Sources */ = {isa = PBXBuildFile; fileRef = C12F3C5A2B0C080A00AA7D60 /* FlashcardioTests.swift */; };
		C12F3C652B0C080A00AA7D60 /* FlashcardioUITests.swift in Sources */ = {isa = PBXBuildFile; fileRef = C12F3C642B0C080A00AA7D60 /* FlashcardioUITests.swift */; };
		C12F3C672B0C080A00AA7D60 /* FlashcardioUITestsLaunchTests.swift in Sources */ = {isa = PBXBuildFile; fileRef = C12F3C662B0C080A00AA7D60 /* FlashcardioUITestsLaunchTests.swift */; };
		C12F3C742B0C098A00AA7D60 /* Main.swift in Sources */ = {isa = PBXBuildFile; fileRef = C12F3C732B0C098A00AA7D60 /* Main.swift */; };
		C12F3C762B0EE88C00AA7D60 /* LoginView.swift in Sources */ = {isa = PBXBuildFile; fileRef = C12F3C752B0EE88C00AA7D60 /* LoginView.swift */; };
		C12F3C7A2B0EEAB900AA7D60 /* GoogleService-Info.plist in Resources */ = {isa = PBXBuildFile; fileRef = C12F3C792B0EEAB900AA7D60 /* GoogleService-Info.plist */; };
		C12F3C7E2B0EF10300AA7D60 /* FirebaseStorage in Frameworks */ = {isa = PBXBuildFile; productRef = C12F3C7D2B0EF10300AA7D60 /* FirebaseStorage */; };
		C12F3C802B0EF11000AA7D60 /* FirebaseAuth in Frameworks */ = {isa = PBXBuildFile; productRef = C12F3C7F2B0EF11000AA7D60 /* FirebaseAuth */; };
		C12F3C832B0EF13C00AA7D60 /* FirebaseDatabase in Frameworks */ = {isa = PBXBuildFile; productRef = C12F3C822B0EF13C00AA7D60 /* FirebaseDatabase */; };
		C12F3C852B0EF14800AA7D60 /* FirebaseDatabaseSwift in Frameworks */ = {isa = PBXBuildFile; productRef = C12F3C842B0EF14800AA7D60 /* FirebaseDatabaseSwift */; };
/* End PBXBuildFile section */

/* Begin PBXContainerItemProxy section */
		C12F3C572B0C080A00AA7D60 /* PBXContainerItemProxy */ = {
			isa = PBXContainerItemProxy;
			containerPortal = C12F3C3E2B0C080900AA7D60 /* Project object */;
			proxyType = 1;
			remoteGlobalIDString = C12F3C452B0C080900AA7D60;
			remoteInfo = Flashcardio;
		};
		C12F3C612B0C080A00AA7D60 /* PBXContainerItemProxy */ = {
			isa = PBXContainerItemProxy;
			containerPortal = C12F3C3E2B0C080900AA7D60 /* Project object */;
			proxyType = 1;
			remoteGlobalIDString = C12F3C452B0C080900AA7D60;
			remoteInfo = Flashcardio;
		};
/* End PBXContainerItemProxy section */

/* Begin PBXFileReference section */
		225D01B32B147151001A065A /* CardsView.swift */ = {isa = PBXFileReference; lastKnownFileType = sourcecode.swift; path = CardsView.swift; sourceTree = "<group>"; };
		225D01B52B147167001A065A /* EditCardView.swift */ = {isa = PBXFileReference; lastKnownFileType = sourcecode.swift; path = EditCardView.swift; sourceTree = "<group>"; };
		22E6EDBD2B0D8DAE00038BD5 /* Card.swift */ = {isa = PBXFileReference; lastKnownFileType = sourcecode.swift; path = Card.swift; sourceTree = "<group>"; };
		22E6EDBF2B0D8E0900038BD5 /* CardView.swift */ = {isa = PBXFileReference; lastKnownFileType = sourcecode.swift; path = CardView.swift; sourceTree = "<group>"; };
		66F938D32B1587EC00132822 /* BgView.swift */ = {isa = PBXFileReference; lastKnownFileType = sourcecode.swift; path = BgView.swift; sourceTree = "<group>"; };
		C12F3C462B0C080900AA7D60 /* Flashcardio.app */ = {isa = PBXFileReference; explicitFileType = wrapper.application; includeInIndex = 0; path = Flashcardio.app; sourceTree = BUILT_PRODUCTS_DIR; };
		C12F3C492B0C080900AA7D60 /* FlashcardioApp.swift */ = {isa = PBXFileReference; lastKnownFileType = sourcecode.swift; path = FlashcardioApp.swift; sourceTree = "<group>"; };
		C12F3C4D2B0C080A00AA7D60 /* Assets.xcassets */ = {isa = PBXFileReference; lastKnownFileType = folder.assetcatalog; path = Assets.xcassets; sourceTree = "<group>"; };
		C12F3C502B0C080A00AA7D60 /* Preview Assets.xcassets */ = {isa = PBXFileReference; lastKnownFileType = folder.assetcatalog; path = "Preview Assets.xcassets"; sourceTree = "<group>"; };
		C12F3C562B0C080A00AA7D60 /* FlashcardioTests.xctest */ = {isa = PBXFileReference; explicitFileType = wrapper.cfbundle; includeInIndex = 0; path = FlashcardioTests.xctest; sourceTree = BUILT_PRODUCTS_DIR; };
		C12F3C5A2B0C080A00AA7D60 /* FlashcardioTests.swift */ = {isa = PBXFileReference; lastKnownFileType = sourcecode.swift; path = FlashcardioTests.swift; sourceTree = "<group>"; };
		C12F3C602B0C080A00AA7D60 /* FlashcardioUITests.xctest */ = {isa = PBXFileReference; explicitFileType = wrapper.cfbundle; includeInIndex = 0; path = FlashcardioUITests.xctest; sourceTree = BUILT_PRODUCTS_DIR; };
		C12F3C642B0C080A00AA7D60 /* FlashcardioUITests.swift */ = {isa = PBXFileReference; lastKnownFileType = sourcecode.swift; path = FlashcardioUITests.swift; sourceTree = "<group>"; };
		C12F3C662B0C080A00AA7D60 /* FlashcardioUITestsLaunchTests.swift */ = {isa = PBXFileReference; lastKnownFileType = sourcecode.swift; path = FlashcardioUITestsLaunchTests.swift; sourceTree = "<group>"; };
		C12F3C732B0C098A00AA7D60 /* Main.swift */ = {isa = PBXFileReference; lastKnownFileType = sourcecode.swift; path = Main.swift; sourceTree = "<group>"; };
		C12F3C752B0EE88C00AA7D60 /* LoginView.swift */ = {isa = PBXFileReference; lastKnownFileType = sourcecode.swift; path = LoginView.swift; sourceTree = "<group>"; };
		C12F3C792B0EEAB900AA7D60 /* GoogleService-Info.plist */ = {isa = PBXFileReference; fileEncoding = 4; lastKnownFileType = text.plist.xml; path = "GoogleService-Info.plist"; sourceTree = "<group>"; };
		C12F3C812B0EF11300AA7D60 /* Info.plist */ = {isa = PBXFileReference; lastKnownFileType = text.plist; path = Info.plist; sourceTree = "<group>"; };
/* End PBXFileReference section */

/* Begin PBXFrameworksBuildPhase section */
		C12F3C432B0C080900AA7D60 /* Frameworks */ = {
			isa = PBXFrameworksBuildPhase;
			buildActionMask = 2147483647;
			files = (
				C12F3C852B0EF14800AA7D60 /* FirebaseDatabaseSwift in Frameworks */,
				C12F3C832B0EF13C00AA7D60 /* FirebaseDatabase in Frameworks */,
				C12F3C7E2B0EF10300AA7D60 /* FirebaseStorage in Frameworks */,
				C12F3C802B0EF11000AA7D60 /* FirebaseAuth in Frameworks */,
			);
			runOnlyForDeploymentPostprocessing = 0;
		};
		C12F3C532B0C080A00AA7D60 /* Frameworks */ = {
			isa = PBXFrameworksBuildPhase;
			buildActionMask = 2147483647;
			files = (
			);
			runOnlyForDeploymentPostprocessing = 0;
		};
		C12F3C5D2B0C080A00AA7D60 /* Frameworks */ = {
			isa = PBXFrameworksBuildPhase;
			buildActionMask = 2147483647;
			files = (
			);
			runOnlyForDeploymentPostprocessing = 0;
		};
/* End PBXFrameworksBuildPhase section */

/* Begin PBXGroup section */
		C10C59062B24FDAB0050DF28 /* Components */ = {
			isa = PBXGroup;
			children = (
				22E6EDBD2B0D8DAE00038BD5 /* Card.swift */,
			);
			path = Components;
			sourceTree = "<group>";
		};
		C12F3C3D2B0C080900AA7D60 = {
			isa = PBXGroup;
			children = (
				C12F3C482B0C080900AA7D60 /* Flashcardio */,
				C12F3C592B0C080A00AA7D60 /* FlashcardioTests */,
				C12F3C632B0C080A00AA7D60 /* FlashcardioUITests */,
				C12F3C472B0C080900AA7D60 /* Products */,
				C12F3C7C2B0EF10300AA7D60 /* Frameworks */,
			);
			sourceTree = "<group>";
		};
		C12F3C472B0C080900AA7D60 /* Products */ = {
			isa = PBXGroup;
			children = (
				C12F3C462B0C080900AA7D60 /* Flashcardio.app */,
				C12F3C562B0C080A00AA7D60 /* FlashcardioTests.xctest */,
				C12F3C602B0C080A00AA7D60 /* FlashcardioUITests.xctest */,
			);
			name = Products;
			sourceTree = "<group>";
		};
		C12F3C482B0C080900AA7D60 /* Flashcardio */ = {
			isa = PBXGroup;
			children = (
				C10C59062B24FDAB0050DF28 /* Components */,
				C12F3C862B0EF36400AA7D60 /* Views */,
				C12F3C812B0EF11300AA7D60 /* Info.plist */,
				C12F3C492B0C080900AA7D60 /* FlashcardioApp.swift */,
				C12F3C4D2B0C080A00AA7D60 /* Assets.xcassets */,
				C12F3C792B0EEAB900AA7D60 /* GoogleService-Info.plist */,
				C12F3C4F2B0C080A00AA7D60 /* Preview Content */,
			);
			path = Flashcardio;
			sourceTree = "<group>";
		};
		C12F3C4F2B0C080A00AA7D60 /* Preview Content */ = {
			isa = PBXGroup;
			children = (
				C12F3C502B0C080A00AA7D60 /* Preview Assets.xcassets */,
			);
			path = "Preview Content";
			sourceTree = "<group>";
		};
		C12F3C592B0C080A00AA7D60 /* FlashcardioTests */ = {
			isa = PBXGroup;
			children = (
				C12F3C5A2B0C080A00AA7D60 /* FlashcardioTests.swift */,
			);
			path = FlashcardioTests;
			sourceTree = "<group>";
		};
		C12F3C632B0C080A00AA7D60 /* FlashcardioUITests */ = {
			isa = PBXGroup;
			children = (
				C12F3C642B0C080A00AA7D60 /* FlashcardioUITests.swift */,
				C12F3C662B0C080A00AA7D60 /* FlashcardioUITestsLaunchTests.swift */,
			);
			path = FlashcardioUITests;
			sourceTree = "<group>";
		};
		C12F3C7C2B0EF10300AA7D60 /* Frameworks */ = {
			isa = PBXGroup;
			children = (
			);
			name = Frameworks;
			sourceTree = "<group>";
		};
		C12F3C862B0EF36400AA7D60 /* Views */ = {
			isa = PBXGroup;
			children = (
				C12F3C752B0EE88C00AA7D60 /* LoginView.swift */,
				66F938D32B1587EC00132822 /* BgView.swift */,
				C12F3C732B0C098A00AA7D60 /* Main.swift */,
				22E6EDBF2B0D8E0900038BD5 /* CardView.swift */,
				225D01B32B147151001A065A /* CardsView.swift */,
				225D01B52B147167001A065A /* EditCardView.swift */,
			);
			path = Views;
			sourceTree = "<group>";
		};
/* End PBXGroup section */

/* Begin PBXNativeTarget section */
		C12F3C452B0C080900AA7D60 /* Flashcardio */ = {
			isa = PBXNativeTarget;
			buildConfigurationList = C12F3C6A2B0C080A00AA7D60 /* Build configuration list for PBXNativeTarget "Flashcardio" */;
			buildPhases = (
				C12F3C422B0C080900AA7D60 /* Sources */,
				C12F3C432B0C080900AA7D60 /* Frameworks */,
				C12F3C442B0C080900AA7D60 /* Resources */,
			);
			buildRules = (
			);
			dependencies = (
			);
			name = Flashcardio;
			packageProductDependencies = (
				C12F3C7D2B0EF10300AA7D60 /* FirebaseStorage */,
				C12F3C7F2B0EF11000AA7D60 /* FirebaseAuth */,
				C12F3C822B0EF13C00AA7D60 /* FirebaseDatabase */,
				C12F3C842B0EF14800AA7D60 /* FirebaseDatabaseSwift */,
			);
			productName = Flashcardio;
			productReference = C12F3C462B0C080900AA7D60 /* Flashcardio.app */;
			productType = "com.apple.product-type.application";
		};
		C12F3C552B0C080A00AA7D60 /* FlashcardioTests */ = {
			isa = PBXNativeTarget;
			buildConfigurationList = C12F3C6D2B0C080A00AA7D60 /* Build configuration list for PBXNativeTarget "FlashcardioTests" */;
			buildPhases = (
				C12F3C522B0C080A00AA7D60 /* Sources */,
				C12F3C532B0C080A00AA7D60 /* Frameworks */,
				C12F3C542B0C080A00AA7D60 /* Resources */,
			);
			buildRules = (
			);
			dependencies = (
				C12F3C582B0C080A00AA7D60 /* PBXTargetDependency */,
			);
			name = FlashcardioTests;
			productName = FlashcardioTests;
			productReference = C12F3C562B0C080A00AA7D60 /* FlashcardioTests.xctest */;
			productType = "com.apple.product-type.bundle.unit-test";
		};
		C12F3C5F2B0C080A00AA7D60 /* FlashcardioUITests */ = {
			isa = PBXNativeTarget;
			buildConfigurationList = C12F3C702B0C080A00AA7D60 /* Build configuration list for PBXNativeTarget "FlashcardioUITests" */;
			buildPhases = (
				C12F3C5C2B0C080A00AA7D60 /* Sources */,
				C12F3C5D2B0C080A00AA7D60 /* Frameworks */,
				C12F3C5E2B0C080A00AA7D60 /* Resources */,
			);
			buildRules = (
			);
			dependencies = (
				C12F3C622B0C080A00AA7D60 /* PBXTargetDependency */,
			);
			name = FlashcardioUITests;
			productName = FlashcardioUITests;
			productReference = C12F3C602B0C080A00AA7D60 /* FlashcardioUITests.xctest */;
			productType = "com.apple.product-type.bundle.ui-testing";
		};
/* End PBXNativeTarget section */

/* Begin PBXProject section */
		C12F3C3E2B0C080900AA7D60 /* Project object */ = {
			isa = PBXProject;
			attributes = {
				BuildIndependentTargetsInParallel = 1;
				LastSwiftUpdateCheck = 1500;
				LastUpgradeCheck = 1500;
				TargetAttributes = {
					C12F3C452B0C080900AA7D60 = {
						CreatedOnToolsVersion = 15.0.1;
					};
					C12F3C552B0C080A00AA7D60 = {
						CreatedOnToolsVersion = 15.0.1;
						TestTargetID = C12F3C452B0C080900AA7D60;
					};
					C12F3C5F2B0C080A00AA7D60 = {
						CreatedOnToolsVersion = 15.0.1;
						TestTargetID = C12F3C452B0C080900AA7D60;
					};
				};
			};
			buildConfigurationList = C12F3C412B0C080900AA7D60 /* Build configuration list for PBXProject "Flashcardio" */;
			compatibilityVersion = "Xcode 14.0";
			developmentRegion = en;
			hasScannedForEncodings = 0;
			knownRegions = (
				en,
				Base,
			);
			mainGroup = C12F3C3D2B0C080900AA7D60;
			packageReferences = (
				C12F3C7B2B0EEB8900AA7D60 /* XCRemoteSwiftPackageReference "firebase-ios-sdk" */,
			);
			productRefGroup = C12F3C472B0C080900AA7D60 /* Products */;
			projectDirPath = "";
			projectRoot = "";
			targets = (
				C12F3C452B0C080900AA7D60 /* Flashcardio */,
				C12F3C552B0C080A00AA7D60 /* FlashcardioTests */,
				C12F3C5F2B0C080A00AA7D60 /* FlashcardioUITests */,
			);
		};
/* End PBXProject section */

/* Begin PBXResourcesBuildPhase section */
		C12F3C442B0C080900AA7D60 /* Resources */ = {
			isa = PBXResourcesBuildPhase;
			buildActionMask = 2147483647;
			files = (
				C12F3C512B0C080A00AA7D60 /* Preview Assets.xcassets in Resources */,
				C12F3C4E2B0C080A00AA7D60 /* Assets.xcassets in Resources */,
				C12F3C7A2B0EEAB900AA7D60 /* GoogleService-Info.plist in Resources */,
			);
			runOnlyForDeploymentPostprocessing = 0;
		};
		C12F3C542B0C080A00AA7D60 /* Resources */ = {
			isa = PBXResourcesBuildPhase;
			buildActionMask = 2147483647;
			files = (
			);
			runOnlyForDeploymentPostprocessing = 0;
		};
		C12F3C5E2B0C080A00AA7D60 /* Resources */ = {
			isa = PBXResourcesBuildPhase;
			buildActionMask = 2147483647;
			files = (
			);
			runOnlyForDeploymentPostprocessing = 0;
		};
/* End PBXResourcesBuildPhase section */

/* Begin PBXSourcesBuildPhase section */
		C12F3C422B0C080900AA7D60 /* Sources */ = {
			isa = PBXSourcesBuildPhase;
			buildActionMask = 2147483647;
			files = (
				C12F3C762B0EE88C00AA7D60 /* LoginView.swift in Sources */,
				66F938D42B1587EC00132822 /* BgView.swift in Sources */,
				225D01B62B147167001A065A /* EditCardView.swift in Sources */,
				C12F3C742B0C098A00AA7D60 /* Main.swift in Sources */,
				225D01B42B147151001A065A /* CardsView.swift in Sources */,
				22E6EDBE2B0D8DAE00038BD5 /* Card.swift in Sources */,
				22E6EDC02B0D8E0900038BD5 /* CardView.swift in Sources */,
				C12F3C4A2B0C080900AA7D60 /* FlashcardioApp.swift in Sources */,
			);
			runOnlyForDeploymentPostprocessing = 0;
		};
		C12F3C522B0C080A00AA7D60 /* Sources */ = {
			isa = PBXSourcesBuildPhase;
			buildActionMask = 2147483647;
			files = (
				C12F3C5B2B0C080A00AA7D60 /* FlashcardioTests.swift in Sources */,
			);
			runOnlyForDeploymentPostprocessing = 0;
		};
		C12F3C5C2B0C080A00AA7D60 /* Sources */ = {
			isa = PBXSourcesBuildPhase;
			buildActionMask = 2147483647;
			files = (
				C12F3C652B0C080A00AA7D60 /* FlashcardioUITests.swift in Sources */,
				C12F3C672B0C080A00AA7D60 /* FlashcardioUITestsLaunchTests.swift in Sources */,
			);
			runOnlyForDeploymentPostprocessing = 0;
		};
/* End PBXSourcesBuildPhase section */

/* Begin PBXTargetDependency section */
		C12F3C582B0C080A00AA7D60 /* PBXTargetDependency */ = {
			isa = PBXTargetDependency;
			target = C12F3C452B0C080900AA7D60 /* Flashcardio */;
			targetProxy = C12F3C572B0C080A00AA7D60 /* PBXContainerItemProxy */;
		};
		C12F3C622B0C080A00AA7D60 /* PBXTargetDependency */ = {
			isa = PBXTargetDependency;
			target = C12F3C452B0C080900AA7D60 /* Flashcardio */;
			targetProxy = C12F3C612B0C080A00AA7D60 /* PBXContainerItemProxy */;
		};
/* End PBXTargetDependency section */

/* Begin XCBuildConfiguration section */
		C12F3C682B0C080A00AA7D60 /* Debug */ = {
			isa = XCBuildConfiguration;
			buildSettings = {
				ALWAYS_SEARCH_USER_PATHS = NO;
				ASSETCATALOG_COMPILER_GENERATE_SWIFT_ASSET_SYMBOL_EXTENSIONS = YES;
				CLANG_ANALYZER_NONNULL = YES;
				CLANG_ANALYZER_NUMBER_OBJECT_CONVERSION = YES_AGGRESSIVE;
				CLANG_CXX_LANGUAGE_STANDARD = "gnu++20";
				CLANG_ENABLE_MODULES = YES;
				CLANG_ENABLE_OBJC_ARC = YES;
				CLANG_ENABLE_OBJC_WEAK = YES;
				CLANG_WARN_BLOCK_CAPTURE_AUTORELEASING = YES;
				CLANG_WARN_BOOL_CONVERSION = YES;
				CLANG_WARN_COMMA = YES;
				CLANG_WARN_CONSTANT_CONVERSION = YES;
				CLANG_WARN_DEPRECATED_OBJC_IMPLEMENTATIONS = YES;
				CLANG_WARN_DIRECT_OBJC_ISA_USAGE = YES_ERROR;
				CLANG_WARN_DOCUMENTATION_COMMENTS = YES;
				CLANG_WARN_EMPTY_BODY = YES;
				CLANG_WARN_ENUM_CONVERSION = YES;
				CLANG_WARN_INFINITE_RECURSION = YES;
				CLANG_WARN_INT_CONVERSION = YES;
				CLANG_WARN_NON_LITERAL_NULL_CONVERSION = YES;
				CLANG_WARN_OBJC_IMPLICIT_RETAIN_SELF = YES;
				CLANG_WARN_OBJC_LITERAL_CONVERSION = YES;
				CLANG_WARN_OBJC_ROOT_CLASS = YES_ERROR;
				CLANG_WARN_QUOTED_INCLUDE_IN_FRAMEWORK_HEADER = YES;
				CLANG_WARN_RANGE_LOOP_ANALYSIS = YES;
				CLANG_WARN_STRICT_PROTOTYPES = YES;
				CLANG_WARN_SUSPICIOUS_MOVE = YES;
				CLANG_WARN_UNGUARDED_AVAILABILITY = YES_AGGRESSIVE;
				CLANG_WARN_UNREACHABLE_CODE = YES;
				CLANG_WARN__DUPLICATE_METHOD_MATCH = YES;
				COPY_PHASE_STRIP = NO;
				DEBUG_INFORMATION_FORMAT = dwarf;
				ENABLE_STRICT_OBJC_MSGSEND = YES;
				ENABLE_TESTABILITY = YES;
				ENABLE_USER_SCRIPT_SANDBOXING = YES;
				GCC_C_LANGUAGE_STANDARD = gnu17;
				GCC_DYNAMIC_NO_PIC = NO;
				GCC_NO_COMMON_BLOCKS = YES;
				GCC_OPTIMIZATION_LEVEL = 0;
				GCC_PREPROCESSOR_DEFINITIONS = (
					"DEBUG=1",
					"$(inherited)",
				);
				GCC_WARN_64_TO_32_BIT_CONVERSION = YES;
				GCC_WARN_ABOUT_RETURN_TYPE = YES_ERROR;
				GCC_WARN_UNDECLARED_SELECTOR = YES;
				GCC_WARN_UNINITIALIZED_AUTOS = YES_AGGRESSIVE;
				GCC_WARN_UNUSED_FUNCTION = YES;
				GCC_WARN_UNUSED_VARIABLE = YES;
				IPHONEOS_DEPLOYMENT_TARGET = 17.0;
				LOCALIZATION_PREFERS_STRING_CATALOGS = YES;
				MTL_ENABLE_DEBUG_INFO = INCLUDE_SOURCE;
				MTL_FAST_MATH = YES;
				ONLY_ACTIVE_ARCH = YES;
				SDKROOT = iphoneos;
				SWIFT_ACTIVE_COMPILATION_CONDITIONS = "DEBUG $(inherited)";
				SWIFT_OPTIMIZATION_LEVEL = "-Onone";
			};
			name = Debug;
		};
		C12F3C692B0C080A00AA7D60 /* Release */ = {
			isa = XCBuildConfiguration;
			buildSettings = {
				ALWAYS_SEARCH_USER_PATHS = NO;
				ASSETCATALOG_COMPILER_GENERATE_SWIFT_ASSET_SYMBOL_EXTENSIONS = YES;
				CLANG_ANALYZER_NONNULL = YES;
				CLANG_ANALYZER_NUMBER_OBJECT_CONVERSION = YES_AGGRESSIVE;
				CLANG_CXX_LANGUAGE_STANDARD = "gnu++20";
				CLANG_ENABLE_MODULES = YES;
				CLANG_ENABLE_OBJC_ARC = YES;
				CLANG_ENABLE_OBJC_WEAK = YES;
				CLANG_WARN_BLOCK_CAPTURE_AUTORELEASING = YES;
				CLANG_WARN_BOOL_CONVERSION = YES;
				CLANG_WARN_COMMA = YES;
				CLANG_WARN_CONSTANT_CONVERSION = YES;
				CLANG_WARN_DEPRECATED_OBJC_IMPLEMENTATIONS = YES;
				CLANG_WARN_DIRECT_OBJC_ISA_USAGE = YES_ERROR;
				CLANG_WARN_DOCUMENTATION_COMMENTS = YES;
				CLANG_WARN_EMPTY_BODY = YES;
				CLANG_WARN_ENUM_CONVERSION = YES;
				CLANG_WARN_INFINITE_RECURSION = YES;
				CLANG_WARN_INT_CONVERSION = YES;
				CLANG_WARN_NON_LITERAL_NULL_CONVERSION = YES;
				CLANG_WARN_OBJC_IMPLICIT_RETAIN_SELF = YES;
				CLANG_WARN_OBJC_LITERAL_CONVERSION = YES;
				CLANG_WARN_OBJC_ROOT_CLASS = YES_ERROR;
				CLANG_WARN_QUOTED_INCLUDE_IN_FRAMEWORK_HEADER = YES;
				CLANG_WARN_RANGE_LOOP_ANALYSIS = YES;
				CLANG_WARN_STRICT_PROTOTYPES = YES;
				CLANG_WARN_SUSPICIOUS_MOVE = YES;
				CLANG_WARN_UNGUARDED_AVAILABILITY = YES_AGGRESSIVE;
				CLANG_WARN_UNREACHABLE_CODE = YES;
				CLANG_WARN__DUPLICATE_METHOD_MATCH = YES;
				COPY_PHASE_STRIP = NO;
				DEBUG_INFORMATION_FORMAT = "dwarf-with-dsym";
				ENABLE_NS_ASSERTIONS = NO;
				ENABLE_STRICT_OBJC_MSGSEND = YES;
				ENABLE_USER_SCRIPT_SANDBOXING = YES;
				GCC_C_LANGUAGE_STANDARD = gnu17;
				GCC_NO_COMMON_BLOCKS = YES;
				GCC_WARN_64_TO_32_BIT_CONVERSION = YES;
				GCC_WARN_ABOUT_RETURN_TYPE = YES_ERROR;
				GCC_WARN_UNDECLARED_SELECTOR = YES;
				GCC_WARN_UNINITIALIZED_AUTOS = YES_AGGRESSIVE;
				GCC_WARN_UNUSED_FUNCTION = YES;
				GCC_WARN_UNUSED_VARIABLE = YES;
				IPHONEOS_DEPLOYMENT_TARGET = 17.0;
				LOCALIZATION_PREFERS_STRING_CATALOGS = YES;
				MTL_ENABLE_DEBUG_INFO = NO;
				MTL_FAST_MATH = YES;
				SDKROOT = iphoneos;
				SWIFT_COMPILATION_MODE = wholemodule;
				VALIDATE_PRODUCT = YES;
			};
			name = Release;
		};
		C12F3C6B2B0C080A00AA7D60 /* Debug */ = {
			isa = XCBuildConfiguration;
			buildSettings = {
				ASSETCATALOG_COMPILER_APPICON_NAME = AppIcon;
				ASSETCATALOG_COMPILER_GLOBAL_ACCENT_COLOR_NAME = AccentColor;
				CODE_SIGN_STYLE = Automatic;
				CURRENT_PROJECT_VERSION = 1;
				DEVELOPMENT_ASSET_PATHS = "\"Flashcardio/Preview Content\"";
				ENABLE_PREVIEWS = YES;
				GENERATE_INFOPLIST_FILE = YES;
				INFOPLIST_FILE = Flashcardio/Info.plist;
				INFOPLIST_KEY_UIApplicationSceneManifest_Generation = YES;
				INFOPLIST_KEY_UIApplicationSupportsIndirectInputEvents = YES;
				INFOPLIST_KEY_UILaunchScreen_Generation = YES;
				INFOPLIST_KEY_UISupportedInterfaceOrientations_iPad = "UIInterfaceOrientationPortrait UIInterfaceOrientationPortraitUpsideDown UIInterfaceOrientationLandscapeLeft UIInterfaceOrientationLandscapeRight";
				INFOPLIST_KEY_UISupportedInterfaceOrientations_iPhone = "UIInterfaceOrientationPortrait UIInterfaceOrientationLandscapeLeft UIInterfaceOrientationLandscapeRight";
				LD_RUNPATH_SEARCH_PATHS = (
					"$(inherited)",
					"@executable_path/Frameworks",
				);
				MARKETING_VERSION = 1.0;
				PRODUCT_BUNDLE_IDENTIFIER = group8.Flashcardio;
				PRODUCT_NAME = "$(TARGET_NAME)";
				SWIFT_EMIT_LOC_STRINGS = YES;
				SWIFT_VERSION = 5.0;
				TARGETED_DEVICE_FAMILY = "1,2";
			};
			name = Debug;
		};
		C12F3C6C2B0C080A00AA7D60 /* Release */ = {
			isa = XCBuildConfiguration;
			buildSettings = {
				ASSETCATALOG_COMPILER_APPICON_NAME = AppIcon;
				ASSETCATALOG_COMPILER_GLOBAL_ACCENT_COLOR_NAME = AccentColor;
				CODE_SIGN_STYLE = Automatic;
				CURRENT_PROJECT_VERSION = 1;
				DEVELOPMENT_ASSET_PATHS = "\"Flashcardio/Preview Content\"";
				ENABLE_PREVIEWS = YES;
				GENERATE_INFOPLIST_FILE = YES;
				INFOPLIST_FILE = Flashcardio/Info.plist;
				INFOPLIST_KEY_UIApplicationSceneManifest_Generation = YES;
				INFOPLIST_KEY_UIApplicationSupportsIndirectInputEvents = YES;
				INFOPLIST_KEY_UILaunchScreen_Generation = YES;
				INFOPLIST_KEY_UISupportedInterfaceOrientations_iPad = "UIInterfaceOrientationPortrait UIInterfaceOrientationPortraitUpsideDown UIInterfaceOrientationLandscapeLeft UIInterfaceOrientationLandscapeRight";
				INFOPLIST_KEY_UISupportedInterfaceOrientations_iPhone = "UIInterfaceOrientationPortrait UIInterfaceOrientationLandscapeLeft UIInterfaceOrientationLandscapeRight";
				LD_RUNPATH_SEARCH_PATHS = (
					"$(inherited)",
					"@executable_path/Frameworks",
				);
				MARKETING_VERSION = 1.0;
				PRODUCT_BUNDLE_IDENTIFIER = group8.Flashcardio;
				PRODUCT_NAME = "$(TARGET_NAME)";
				SWIFT_EMIT_LOC_STRINGS = YES;
				SWIFT_VERSION = 5.0;
				TARGETED_DEVICE_FAMILY = "1,2";
			};
			name = Release;
		};
		C12F3C6E2B0C080A00AA7D60 /* Debug */ = {
			isa = XCBuildConfiguration;
			buildSettings = {
				ALWAYS_EMBED_SWIFT_STANDARD_LIBRARIES = YES;
				BUNDLE_LOADER = "$(TEST_HOST)";
				CODE_SIGN_STYLE = Automatic;
				CURRENT_PROJECT_VERSION = 1;
				GENERATE_INFOPLIST_FILE = YES;
				IPHONEOS_DEPLOYMENT_TARGET = 17.0;
				MARKETING_VERSION = 1.0;
				PRODUCT_BUNDLE_IDENTIFIER = group8.FlashcardioTests;
				PRODUCT_NAME = "$(TARGET_NAME)";
				SWIFT_EMIT_LOC_STRINGS = NO;
				SWIFT_VERSION = 5.0;
				TARGETED_DEVICE_FAMILY = "1,2";
				TEST_HOST = "$(BUILT_PRODUCTS_DIR)/Flashcardio.app/$(BUNDLE_EXECUTABLE_FOLDER_PATH)/Flashcardio";
			};
			name = Debug;
		};
		C12F3C6F2B0C080A00AA7D60 /* Release */ = {
			isa = XCBuildConfiguration;
			buildSettings = {
				ALWAYS_EMBED_SWIFT_STANDARD_LIBRARIES = YES;
				BUNDLE_LOADER = "$(TEST_HOST)";
				CODE_SIGN_STYLE = Automatic;
				CURRENT_PROJECT_VERSION = 1;
				GENERATE_INFOPLIST_FILE = YES;
				IPHONEOS_DEPLOYMENT_TARGET = 17.0;
				MARKETING_VERSION = 1.0;
				PRODUCT_BUNDLE_IDENTIFIER = group8.FlashcardioTests;
				PRODUCT_NAME = "$(TARGET_NAME)";
				SWIFT_EMIT_LOC_STRINGS = NO;
				SWIFT_VERSION = 5.0;
				TARGETED_DEVICE_FAMILY = "1,2";
				TEST_HOST = "$(BUILT_PRODUCTS_DIR)/Flashcardio.app/$(BUNDLE_EXECUTABLE_FOLDER_PATH)/Flashcardio";
			};
			name = Release;
		};
		C12F3C712B0C080A00AA7D60 /* Debug */ = {
			isa = XCBuildConfiguration;
			buildSettings = {
				ALWAYS_EMBED_SWIFT_STANDARD_LIBRARIES = YES;
				CODE_SIGN_STYLE = Automatic;
				CURRENT_PROJECT_VERSION = 1;
				GENERATE_INFOPLIST_FILE = YES;
				MARKETING_VERSION = 1.0;
				PRODUCT_BUNDLE_IDENTIFIER = group8.FlashcardioUITests;
				PRODUCT_NAME = "$(TARGET_NAME)";
				SWIFT_EMIT_LOC_STRINGS = NO;
				SWIFT_VERSION = 5.0;
				TARGETED_DEVICE_FAMILY = "1,2";
				TEST_TARGET_NAME = Flashcardio;
			};
			name = Debug;
		};
		C12F3C722B0C080A00AA7D60 /* Release */ = {
			isa = XCBuildConfiguration;
			buildSettings = {
				ALWAYS_EMBED_SWIFT_STANDARD_LIBRARIES = YES;
				CODE_SIGN_STYLE = Automatic;
				CURRENT_PROJECT_VERSION = 1;
				GENERATE_INFOPLIST_FILE = YES;
				MARKETING_VERSION = 1.0;
				PRODUCT_BUNDLE_IDENTIFIER = group8.FlashcardioUITests;
				PRODUCT_NAME = "$(TARGET_NAME)";
				SWIFT_EMIT_LOC_STRINGS = NO;
				SWIFT_VERSION = 5.0;
				TARGETED_DEVICE_FAMILY = "1,2";
				TEST_TARGET_NAME = Flashcardio;
			};
			name = Release;
		};
/* End XCBuildConfiguration section */

/* Begin XCConfigurationList section */
		C12F3C412B0C080900AA7D60 /* Build configuration list for PBXProject "Flashcardio" */ = {
			isa = XCConfigurationList;
			buildConfigurations = (
				C12F3C682B0C080A00AA7D60 /* Debug */,
				C12F3C692B0C080A00AA7D60 /* Release */,
			);
			defaultConfigurationIsVisible = 0;
			defaultConfigurationName = Release;
		};
		C12F3C6A2B0C080A00AA7D60 /* Build configuration list for PBXNativeTarget "Flashcardio" */ = {
			isa = XCConfigurationList;
			buildConfigurations = (
				C12F3C6B2B0C080A00AA7D60 /* Debug */,
				C12F3C6C2B0C080A00AA7D60 /* Release */,
			);
			defaultConfigurationIsVisible = 0;
			defaultConfigurationName = Release;
		};
		C12F3C6D2B0C080A00AA7D60 /* Build configuration list for PBXNativeTarget "FlashcardioTests" */ = {
			isa = XCConfigurationList;
			buildConfigurations = (
				C12F3C6E2B0C080A00AA7D60 /* Debug */,
				C12F3C6F2B0C080A00AA7D60 /* Release */,
			);
			defaultConfigurationIsVisible = 0;
			defaultConfigurationName = Release;
		};
		C12F3C702B0C080A00AA7D60 /* Build configuration list for PBXNativeTarget "FlashcardioUITests" */ = {
			isa = XCConfigurationList;
			buildConfigurations = (
				C12F3C712B0C080A00AA7D60 /* Debug */,
				C12F3C722B0C080A00AA7D60 /* Release */,
			);
			defaultConfigurationIsVisible = 0;
			defaultConfigurationName = Release;
		};
/* End XCConfigurationList section */

/* Begin XCRemoteSwiftPackageReference section */
		C12F3C7B2B0EEB8900AA7D60 /* XCRemoteSwiftPackageReference "firebase-ios-sdk" */ = {
			isa = XCRemoteSwiftPackageReference;
			repositoryURL = "https://github.com/firebase/firebase-ios-sdk";
			requirement = {
				kind = upToNextMajorVersion;
				minimumVersion = 10.18.0;
			};
		};
/* End XCRemoteSwiftPackageReference section */

/* Begin XCSwiftPackageProductDependency section */
		C12F3C7D2B0EF10300AA7D60 /* FirebaseStorage */ = {
			isa = XCSwiftPackageProductDependency;
			package = C12F3C7B2B0EEB8900AA7D60 /* XCRemoteSwiftPackageReference "firebase-ios-sdk" */;
			productName = FirebaseStorage;
		};
		C12F3C7F2B0EF11000AA7D60 /* FirebaseAuth */ = {
			isa = XCSwiftPackageProductDependency;
			package = C12F3C7B2B0EEB8900AA7D60 /* XCRemoteSwiftPackageReference "firebase-ios-sdk" */;
			productName = FirebaseAuth;
		};
		C12F3C822B0EF13C00AA7D60 /* FirebaseDatabase */ = {
			isa = XCSwiftPackageProductDependency;
			package = C12F3C7B2B0EEB8900AA7D60 /* XCRemoteSwiftPackageReference "firebase-ios-sdk" */;
			productName = FirebaseDatabase;
		};
		C12F3C842B0EF14800AA7D60 /* FirebaseDatabaseSwift */ = {
			isa = XCSwiftPackageProductDependency;
			package = C12F3C7B2B0EEB8900AA7D60 /* XCRemoteSwiftPackageReference "firebase-ios-sdk" */;
			productName = FirebaseDatabaseSwift;
		};
/* End XCSwiftPackageProductDependency section */
	};
	rootObject = C12F3C3E2B0C080900AA7D60 /* Project object */;
}
